{
  "workspace": {
    "packages": {
      "yoga-om": {
        "path": "./",
        "core": {
          "dependencies": [
            {
              "aff": ">=7.0.0 <8.0.0"
            },
            {
              "avar": ">=5.0.0 <6.0.0"
            },
            {
              "console": ">=6.0.0 <7.0.0"
            },
            {
              "control": ">=6.0.0 <7.0.0"
            },
            {
              "datetime": ">=6.0.0 <7.0.0"
            },
            {
              "effect": ">=4.0.0 <5.0.0"
            },
            {
              "either": ">=6.0.0 <7.0.0"
            },
            {
              "exceptions": ">=6.0.0 <7.0.0"
            },
            {
              "functions": ">=6.0.0 <7.0.0"
            },
            {
              "maybe": ">=6.0.0 <7.0.0"
            },
            {
              "newtype": ">=5.0.0 <6.0.0"
            },
            {
              "parallel": ">=6.0.0 <8.0.0"
            },
            {
              "prelude": ">=6.0.0 <7.0.0"
            },
            {
              "record": ">=4.0.0 <5.0.0"
            },
            {
              "record-studio": ">=1.0.0 <2.0.0"
            },
            {
              "spec": ">=7.0.0 <8.0.0"
            },
            {
              "st": ">=6.0.0 <7.0.0"
            },
            {
              "tailrec": ">=6.0.0 <7.0.0"
            },
            {
              "transformers": ">=6.0.0 <7.0.0"
            },
            {
              "tuples": ">=7.0.0 <8.0.0"
            },
            {
              "typelevel-prelude": ">=7.0.0 <8.0.0"
            },
            {
              "uncurried-transformers": ">=1.0.0 <2.0.0"
            },
            {
              "unsafe-coerce": ">=6.0.0 <7.0.0"
            },
            {
              "variant": ">=8.0.0 <9.0.0"
            }
          ],
          "build_plan": [
            "aff",
            "ansi",
            "arrays",
            "avar",
            "bifunctors",
            "catenable-lists",
            "console",
            "const",
            "contravariant",
            "control",
            "datetime",
            "distributive",
            "effect",
            "either",
            "enums",
            "exceptions",
            "exists",
            "foldable-traversable",
            "fork",
            "free",
            "functions",
            "functors",
            "gen",
            "heterogeneous",
            "identity",
            "integers",
            "invariant",
            "lazy",
            "lists",
            "maybe",
            "mmorph",
            "newtype",
            "nonempty",
            "now",
            "numbers",
            "ordered-collections",
            "orders",
            "parallel",
            "partial",
            "pipes",
            "prelude",
            "profunctor",
            "record",
            "record-studio",
            "refs",
            "safe-coerce",
            "spec",
            "st",
            "strings",
            "tailrec",
            "transformers",
            "tuples",
            "type-equality",
            "typelevel-prelude",
            "uncurried-transformers",
            "unfoldable",
            "unsafe-coerce",
            "variant"
          ]
        },
        "test": {
          "dependencies": [
            {
              "spec": ">=7.0.0 <8.0.0"
            }
          ],
          "build_plan": []
        }
      }
    },
    "extra_packages": {}
  },
  "packages": {
    "aff": {
      "type": "registry",
      "version": "7.1.0",
      "integrity": "sha256-/nOpDQVnKIoP1pQ1ZZBYpadK0TuMlG4WwufGzJpsfD0=",
      "dependencies": [
        "arrays",
        "bifunctors",
        "control",
        "datetime",
        "effect",
        "either",
        "exceptions",
        "foldable-traversable",
        "functions",
        "maybe",
        "newtype",
        "parallel",
        "prelude",
        "refs",
        "tailrec",
        "transformers",
        "unsafe-coerce"
      ]
    },
    "ansi": {
      "type": "registry",
      "version": "7.0.0",
      "integrity": "sha256-tOUaXJFzPSfBVAqLI8hc+Tz2M1rg16cXqyHaK/3SmFg=",
      "dependencies": [
        "foldable-traversable",
        "lists",
        "strings"
      ]
    },
    "arrays": {
      "type": "registry",
      "version": "7.3.0",
      "integrity": "sha256-GD4z7LCi9wzi7FCQqbWhvs8paoUK9NO+HwgXZ+KP8Rk=",
      "dependencies": [
        "bifunctors",
        "control",
        "foldable-traversable",
        "functions",
        "maybe",
        "nonempty",
        "partial",
        "prelude",
        "safe-coerce",
        "st",
        "tailrec",
        "tuples",
        "unfoldable",
        "unsafe-coerce"
      ]
    },
    "avar": {
      "type": "registry",
      "version": "5.0.1",
      "integrity": "sha256-8V4SxF4TIWZ9Ik1P4lPzIRUAZeFBe8w5WA2VcCEKsIk=",
      "dependencies": [
        "aff",
        "effect",
        "either",
        "exceptions",
        "functions",
        "maybe"
      ]
    },
    "bifunctors": {
      "type": "registry",
      "version": "6.1.0",
      "integrity": "sha256-CvZRb8uI75eKIqiYntR+k05Wk6tKlMS5w8sCA2AFna0=",
      "dependencies": [
        "const",
        "either",
        "newtype",
        "prelude",
        "tuples"
      ]
    },
    "catenable-lists": {
      "type": "registry",
      "version": "7.0.0",
      "integrity": "sha256-7+i/MHBLIRh604iCNT4ENWRWE/wuHIotER4kpdX9Ve0=",
      "dependencies": [
        "control",
        "foldable-traversable",
        "lists",
        "maybe",
        "prelude",
        "tuples",
        "unfoldable"
      ]
    },
    "console": {
      "type": "registry",
      "version": "6.1.0",
      "integrity": "sha256-3T5PPz1mATZmV0C4GzkCkpLlCa5xG7u8ZNgnLrrrI1Q=",
      "dependencies": [
        "effect",
        "prelude"
      ]
    },
    "const": {
      "type": "registry",
      "version": "6.0.0",
      "integrity": "sha256-S+m0lQsxnji0z1XRUmkn+3RFuWJ5CXWuIr1u3i8Bfoc=",
      "dependencies": [
        "invariant",
        "newtype",
        "prelude"
      ]
    },
    "contravariant": {
      "type": "registry",
      "version": "6.0.0",
      "integrity": "sha256-nuckEWqL80NaPmR/l9AUyrfycNh18XcvlZV9PAamwqc=",
      "dependencies": [
        "const",
        "either",
        "newtype",
        "prelude",
        "tuples"
      ]
    },
    "control": {
      "type": "registry",
      "version": "6.0.0",
      "integrity": "sha256-0vxyYh5FL+ilxgLo954w1LqCUC0RSIivNNlb9CaNUQg=",
      "dependencies": [
        "newtype",
        "prelude"
      ]
    },
    "datetime": {
      "type": "registry",
      "version": "6.1.0",
      "integrity": "sha256-tbv6eDXy6QOD7YSknxYSbsDF32OC2JrNbSBpzMs7Doc=",
      "dependencies": [
        "bifunctors",
        "control",
        "either",
        "enums",
        "foldable-traversable",
        "functions",
        "gen",
        "integers",
        "lists",
        "maybe",
        "newtype",
        "numbers",
        "ordered-collections",
        "partial",
        "prelude",
        "tuples"
      ]
    },
    "distributive": {
      "type": "registry",
      "version": "6.0.0",
      "integrity": "sha256-netyJK4B32PDYHD0tF2AenKgo3urzbI770ycM0pArAo=",
      "dependencies": [
        "identity",
        "newtype",
        "prelude",
        "tuples",
        "type-equality"
      ]
    },
    "effect": {
      "type": "registry",
      "version": "4.0.0",
      "integrity": "sha256-DdqU3bncRTjgMVPPRlAuGHVeajSPEcRaRhNuio7if6s=",
      "dependencies": [
        "prelude"
      ]
    },
    "either": {
      "type": "registry",
      "version": "6.1.0",
      "integrity": "sha256-tBHx3PgtH4GZOApZCDkcM7szRTYJinrUrVGWazQCUUg=",
      "dependencies": [
        "control",
        "invariant",
        "maybe",
        "prelude"
      ]
    },
    "enums": {
      "type": "registry",
      "version": "6.0.1",
      "integrity": "sha256-sdZOmLX5+5pASGpvVyT0vSD5BBYQjZiayjV5XiPutso=",
      "dependencies": [
        "control",
        "either",
        "gen",
        "maybe",
        "newtype",
        "nonempty",
        "partial",
        "prelude",
        "tuples",
        "unfoldable"
      ]
    },
    "exceptions": {
      "type": "registry",
      "version": "6.1.0",
      "integrity": "sha256-nRrr+N0wk0TUFOWLR7e1n1oxcXo/X345bQUtoY9lW6A=",
      "dependencies": [
        "effect",
        "either",
        "maybe",
        "prelude"
      ]
    },
    "exists": {
      "type": "registry",
      "version": "6.0.0",
      "integrity": "sha256-vtLbrWNaI+pzx/2fw2AQnCovoLtcosClIhjO26QKkh8=",
      "dependencies": [
        "unsafe-coerce"
      ]
    },
    "foldable-traversable": {
      "type": "registry",
      "version": "6.0.0",
      "integrity": "sha256-NGGWyCio/xjce6fPP7y3wwg7CheqllID6aJudDxbWhA=",
      "dependencies": [
        "bifunctors",
        "const",
        "control",
        "either",
        "functors",
        "identity",
        "maybe",
        "newtype",
        "orders",
        "prelude",
        "tuples"
      ]
    },
    "fork": {
      "type": "registry",
      "version": "6.0.0",
      "integrity": "sha256-0keBVeZZg1eCZEy/En1CohVW829gQUqKtqBNIRa93/A=",
      "dependencies": [
        "aff"
      ]
    },
    "free": {
      "type": "registry",
      "version": "7.1.0",
      "integrity": "sha256-tUBInfUpRQEw4u94GWcYW7EYdmSdDHSRn88a+C0eltU=",
      "dependencies": [
        "catenable-lists",
        "control",
        "distributive",
        "either",
        "exists",
        "foldable-traversable",
        "invariant",
        "lazy",
        "maybe",
        "prelude",
        "tailrec",
        "transformers",
        "tuples",
        "unsafe-coerce"
      ]
    },
    "functions": {
      "type": "registry",
      "version": "6.0.0",
      "integrity": "sha256-0jgtOr+SFO4UScKc40oA/9Vdcf2rLn3h3vZlY0KfqVo=",
      "dependencies": [
        "prelude"
      ]
    },
    "functors": {
      "type": "registry",
      "version": "5.0.0",
      "integrity": "sha256-W1o/4wcp6S3chodYL8uixlXK2mfr1L+SzM1R+whqUco=",
      "dependencies": [
        "bifunctors",
        "const",
        "contravariant",
        "control",
        "distributive",
        "either",
        "invariant",
        "maybe",
        "newtype",
        "prelude",
        "profunctor",
        "tuples",
        "unsafe-coerce"
      ]
    },
    "gen": {
      "type": "registry",
      "version": "4.0.0",
      "integrity": "sha256-kyOateeOtQa07vfTMYeSuCKdelgKE1R65fwKkZ10wsY=",
      "dependencies": [
        "either",
        "foldable-traversable",
        "identity",
        "maybe",
        "newtype",
        "nonempty",
        "prelude",
        "tailrec",
        "tuples",
        "unfoldable"
      ]
    },
    "heterogeneous": {
      "type": "registry",
      "version": "0.7.0",
      "integrity": "sha256-pQwcFvhWL8noktxaoD7FlLs2F2lYf3QHoyO0VOWO3I0=",
      "dependencies": [
        "either",
        "foldable-traversable",
        "functors",
        "prelude",
        "record",
        "tuples",
        "variant"
      ]
    },
    "identity": {
      "type": "registry",
      "version": "6.0.0",
      "integrity": "sha256-RY/iXPpxpqvKHYfJeFVNI1J06kohB9rbtWYuha8t0LE=",
      "dependencies": [
        "control",
        "invariant",
        "newtype",
        "prelude"
      ]
    },
    "integers": {
      "type": "registry",
      "version": "6.0.0",
      "integrity": "sha256-Y8yozC1uHRLcruobEyv5/bMKzE1BoKJ/olHv6o+bgm8=",
      "dependencies": [
        "maybe",
        "numbers",
        "prelude"
      ]
    },
    "invariant": {
      "type": "registry",
      "version": "6.0.0",
      "integrity": "sha256-HyoT1I5qIHRq8RSZji6zZDvqnpVjLw748utrKwZtqsw=",
      "dependencies": [
        "control",
        "prelude"
      ]
    },
    "lazy": {
      "type": "registry",
      "version": "6.0.0",
      "integrity": "sha256-MHRC+1Pc+AjortBp4b/e1e6KpEpsDwaJBNBB7TOL+1I=",
      "dependencies": [
        "control",
        "foldable-traversable",
        "invariant",
        "prelude"
      ]
    },
    "lists": {
      "type": "registry",
      "version": "7.0.0",
      "integrity": "sha256-/mGd7wLoU+wsTcqii7SSUByxsvwvjnu2PjwAD47yYb4=",
      "dependencies": [
        "bifunctors",
        "control",
        "foldable-traversable",
        "lazy",
        "maybe",
        "newtype",
        "nonempty",
        "partial",
        "prelude",
        "tailrec",
        "tuples",
        "unfoldable"
      ]
    },
    "maybe": {
      "type": "registry",
      "version": "6.0.0",
      "integrity": "sha256-8X6XEgtZ5lqfkEuc1hWOofnL6mwhk8gSJTxwvbR/SbY=",
      "dependencies": [
        "control",
        "invariant",
        "newtype",
        "prelude"
      ]
    },
    "mmorph": {
      "type": "registry",
      "version": "7.0.0",
      "integrity": "sha256-Cfltaq+tfYjuSoSBN/b8cSQZbvZTqIRs6ebQewbIkGs=",
      "dependencies": [
        "free",
        "functors",
        "transformers"
      ]
    },
    "newtype": {
      "type": "registry",
      "version": "5.0.0",
      "integrity": "sha256-dt6w0cty4OS+Pjt9fsh3iU6ottqSU83mdAZkaEEvo6c=",
      "dependencies": [
        "prelude",
        "safe-coerce"
      ]
    },
    "nonempty": {
      "type": "registry",
      "version": "7.0.0",
      "integrity": "sha256-Ctkq8/+KiGqCE53Y/LvibA/coy7ev9HtRZU+GYS7yfQ=",
      "dependencies": [
        "control",
        "foldable-traversable",
        "maybe",
        "prelude",
        "tuples",
        "unfoldable"
      ]
    },
    "now": {
      "type": "registry",
      "version": "6.0.0",
      "integrity": "sha256-mTyG4s8tps3XIf0jjV/lME2/QlwMzrQly2wqfSSUM3o=",
      "dependencies": [
        "datetime",
        "effect"
      ]
    },
    "numbers": {
      "type": "registry",
      "version": "9.0.1",
      "integrity": "sha256-ZydYckgwRAnRaFC7pu6fADhzdwX+UqHZrfJyet64zls=",
      "dependencies": [
        "functions",
        "maybe"
      ]
    },
    "ordered-collections": {
      "type": "registry",
      "version": "3.2.0",
      "integrity": "sha256-NaEXc2cz/7lJfxPWEja4XlZbGxuRqJwFKQJjsJf51kQ=",
      "dependencies": [
        "arrays",
        "foldable-traversable",
        "gen",
        "lists",
        "maybe",
        "partial",
        "prelude",
        "st",
        "tailrec",
        "tuples",
        "unfoldable"
      ]
    },
    "orders": {
      "type": "registry",
      "version": "6.0.0",
      "integrity": "sha256-nSMxZK7wxyDULkjZqvMyB71mVo6b0AyLLHosDVbv1XM=",
      "dependencies": [
        "newtype",
        "prelude"
      ]
    },
    "parallel": {
      "type": "registry",
      "version": "6.0.0",
      "integrity": "sha256-1dpN/7kBct/2aONnyk4TU0AFN71GvfoRxrqvFGRU4Os=",
      "dependencies": [
        "control",
        "effect",
        "either",
        "foldable-traversable",
        "functors",
        "maybe",
        "newtype",
        "prelude",
        "profunctor",
        "refs",
        "transformers"
      ]
    },
    "partial": {
      "type": "registry",
      "version": "4.0.0",
      "integrity": "sha256-mdrlJBAgFMh79hNRW39uv7c+BwnnaOrAMmdh7+VhEhs=",
      "dependencies": []
    },
    "pipes": {
      "type": "registry",
      "version": "8.0.0",
      "integrity": "sha256-dtUNpG8BGVr7pu6mQZyAnUAftUHgNS7f0QH3Kw5UTpQ=",
      "dependencies": [
        "aff",
        "lists",
        "mmorph",
        "prelude",
        "tailrec",
        "transformers",
        "tuples"
      ]
    },
    "prelude": {
      "type": "registry",
      "version": "6.0.2",
      "integrity": "sha256-IqykrDRquGUD/LRSad7y75hZv3bUsGQ4knc8tdez8Qw=",
      "dependencies": []
    },
    "profunctor": {
      "type": "registry",
      "version": "6.0.1",
      "integrity": "sha256-Ow0mJC+PIIRq/a3mzCWY5vxuTgR/e+Ee68+mWeSRnWY=",
      "dependencies": [
        "control",
        "distributive",
        "either",
        "exists",
        "invariant",
        "newtype",
        "prelude",
        "tuples"
      ]
    },
    "record": {
      "type": "registry",
      "version": "4.0.0",
      "integrity": "sha256-WQ8fqp4X1wTA70J4qUcPW4Z7DCwx6e5KJnT/EuTdWSc=",
      "dependencies": [
        "functions",
        "prelude",
        "unsafe-coerce"
      ]
    },
    "record-studio": {
      "type": "registry",
      "version": "1.0.4",
      "integrity": "sha256-CRnFvSXpDDzio+buibUxFU9zPZDd7/lzrYC1Ya3FuIw=",
      "dependencies": [
        "heterogeneous",
        "lists",
        "prelude",
        "record",
        "typelevel-prelude",
        "unsafe-coerce"
      ]
    },
    "refs": {
      "type": "registry",
      "version": "6.0.0",
      "integrity": "sha256-KKD5G9dR2SauuDGULUJsxjqDOEi1Jqm+2Sq5U2mY8YU=",
      "dependencies": [
        "effect",
        "prelude"
      ]
    },
    "safe-coerce": {
      "type": "registry",
      "version": "2.0.0",
      "integrity": "sha256-EJrxtKt5xC7TYjBZrSBO/J7Aw3DmtilYjt4olpAXWVc=",
      "dependencies": [
        "unsafe-coerce"
      ]
    },
    "spec": {
      "type": "registry",
      "version": "7.6.1",
      "integrity": "sha256-5GysDOS1gVbbGX75YXUdhww3h2S246Ck0sS6yt+ig+0=",
      "dependencies": [
        "aff",
        "ansi",
        "arrays",
        "avar",
        "bifunctors",
        "control",
        "datetime",
        "effect",
        "either",
        "exceptions",
        "foldable-traversable",
        "fork",
        "identity",
        "integers",
        "lists",
        "maybe",
        "newtype",
        "now",
        "ordered-collections",
        "parallel",
        "pipes",
        "prelude",
        "refs",
        "strings",
        "tailrec",
        "transformers",
        "tuples"
      ]
    },
    "st": {
      "type": "registry",
      "version": "6.2.0",
      "integrity": "sha256-WI4MEkkwUd4pnwZQ3G8VKWgX5t1RSNJludm5e9boaRo=",
      "dependencies": [
        "partial",
        "prelude",
        "tailrec",
        "unsafe-coerce"
      ]
    },
    "strings": {
      "type": "registry",
      "version": "6.0.1",
      "integrity": "sha256-FNto2hoNW5Da6W6crIk77YXMagBvOGHZE1kO7eZ1vLM=",
      "dependencies": [
        "arrays",
        "control",
        "either",
        "enums",
        "foldable-traversable",
        "gen",
        "integers",
        "maybe",
        "newtype",
        "nonempty",
        "partial",
        "prelude",
        "tailrec",
        "tuples",
        "unfoldable",
        "unsafe-coerce"
      ]
    },
    "tailrec": {
      "type": "registry",
      "version": "6.1.0",
      "integrity": "sha256-xrorCfP0xV1wubs27idQCHQqdvSUuqmmL/am7Ji1wVU=",
      "dependencies": [
        "bifunctors",
        "effect",
        "either",
        "identity",
        "maybe",
        "partial",
        "prelude",
        "refs"
      ]
    },
    "transformers": {
      "type": "registry",
      "version": "6.1.0",
      "integrity": "sha256-QJmgNT/y7ljPHSsXaW4zxF/982BFiQ90KNL1g/NtEOQ=",
      "dependencies": [
        "control",
        "distributive",
        "effect",
        "either",
        "exceptions",
        "foldable-traversable",
        "identity",
        "lazy",
        "maybe",
        "newtype",
        "prelude",
        "st",
        "tailrec",
        "tuples",
        "unfoldable"
      ]
    },
    "tuples": {
      "type": "registry",
      "version": "7.0.0",
      "integrity": "sha256-BKy7EfK8S1KeTCwyWqyW1wwcpSAQuh3IsczSVgS6fzY=",
      "dependencies": [
        "control",
        "invariant",
        "prelude"
      ]
    },
    "type-equality": {
      "type": "registry",
      "version": "4.0.1",
      "integrity": "sha256-BBqYOSnAKmayRvR5mtZoCf4SlYs2ipatD/+5nQx73aw=",
      "dependencies": []
    },
    "typelevel-prelude": {
      "type": "registry",
      "version": "7.0.0",
      "integrity": "sha256-+pHi14/40mTj/+lmCWqL0T7iXIXD1+NSg/KItyyoB0A=",
      "dependencies": [
        "prelude",
        "type-equality"
      ]
    },
    "uncurried-transformers": {
      "type": "registry",
      "version": "1.1.0",
      "integrity": "sha256-AqqBMzVLzozVoDorE3QcVVRDkLd7O3624mRHCDnPhaI=",
      "dependencies": [
        "control",
        "effect",
        "either",
        "functions",
        "identity",
        "prelude",
        "safe-coerce",
        "tailrec",
        "transformers",
        "tuples"
      ]
    },
    "unfoldable": {
      "type": "registry",
      "version": "6.0.0",
      "integrity": "sha256-BK/6By1sKp/ztk+9CF3q43SV0QDTLVdsGqFerKHSmbg=",
      "dependencies": [
        "foldable-traversable",
        "maybe",
        "partial",
        "prelude",
        "tuples"
      ]
    },
    "unsafe-coerce": {
      "type": "registry",
      "version": "6.0.0",
      "integrity": "sha256-0L1QsaY20OILjfU5TV72d3U/tSjhmL9hJ32WMp857Lk=",
      "dependencies": []
    },
    "variant": {
      "type": "registry",
      "version": "8.0.0",
      "integrity": "sha256-Ydrgl8liWEwYQOWW76PdZtg3vxKpoKgsnmFyTLgZkoU=",
      "dependencies": [
        "enums",
        "lists",
        "maybe",
        "partial",
        "prelude",
        "record",
        "tuples",
        "unsafe-coerce"
      ]
    }
  }
}
